// !$*UTF8*$!
{
	archiveVersion = 1;
	classes = {
	};
	objectVersion = 46;
	objects = {

/* Begin PBXBuildFile section */
		3E5D904734FFE720FC672D6A /* Pods_POPDataSource_Example.framework in Frameworks */ = {isa = PBXBuildFile; fileRef = 83CA8AD065F47C9D823B8F70 /* Pods_POPDataSource_Example.framework */; };
		607FACD61AFB9204008FA782 /* AppDelegate.swift in Sources */ = {isa = PBXBuildFile; fileRef = 607FACD51AFB9204008FA782 /* AppDelegate.swift */; };
		607FACD81AFB9204008FA782 /* ViewController.swift in Sources */ = {isa = PBXBuildFile; fileRef = 607FACD71AFB9204008FA782 /* ViewController.swift */; };
		607FACDD1AFB9204008FA782 /* Images.xcassets in Resources */ = {isa = PBXBuildFile; fileRef = 607FACDC1AFB9204008FA782 /* Images.xcassets */; };
		607FACE01AFB9204008FA782 /* LaunchScreen.xib in Resources */ = {isa = PBXBuildFile; fileRef = 607FACDE1AFB9204008FA782 /* LaunchScreen.xib */; };
		CE61E7C323E2F19D00D5AD6C /* TableViewCell.swift in Sources */ = {isa = PBXBuildFile; fileRef = CE61E7C123E2F19D00D5AD6C /* TableViewCell.swift */; };
		CE61E7C423E2F19D00D5AD6C /* TableViewCell.xib in Resources */ = {isa = PBXBuildFile; fileRef = CE61E7C223E2F19D00D5AD6C /* TableViewCell.xib */; };
		CE61E7C623E2F64F00D5AD6C /* CustomeCell.xib in Resources */ = {isa = PBXBuildFile; fileRef = CE61E7C523E2F64F00D5AD6C /* CustomeCell.xib */; };
		CE65E63D2280241400B4955F /* DataSources.swift in Sources */ = {isa = PBXBuildFile; fileRef = CE65E62E2280241400B4955F /* DataSources.swift */; };
		CE65E63F2280241400B4955F /* Albums.json in Resources */ = {isa = PBXBuildFile; fileRef = CE65E62F2280241400B4955F /* Albums.json */; };
		CE65E6412280241400B4955F /* TextFieldDataSource.swift in Sources */ = {isa = PBXBuildFile; fileRef = CE65E6302280241400B4955F /* TextFieldDataSource.swift */; };
		CE65E6432280241400B4955F /* Models.swift in Sources */ = {isa = PBXBuildFile; fileRef = CE65E6312280241400B4955F /* Models.swift */; };
		CE65E6452280241400B4955F /* SegmentTableViewController.swift in Sources */ = {isa = PBXBuildFile; fileRef = CE65E6332280241400B4955F /* SegmentTableViewController.swift */; };
		CE65E6472280241400B4955F /* TableViewController.swift in Sources */ = {isa = PBXBuildFile; fileRef = CE65E6342280241400B4955F /* TableViewController.swift */; };
		CE65E6492280241400B4955F /* TextFieldViewController.swift in Sources */ = {isa = PBXBuildFile; fileRef = CE65E6352280241400B4955F /* TextFieldViewController.swift */; };
		CE65E64B2280241400B4955F /* MenuViewController.swift in Sources */ = {isa = PBXBuildFile; fileRef = CE65E6362280241400B4955F /* MenuViewController.swift */; };
		CE65E64D2280241400B4955F /* CustomeSection.xib in Resources */ = {isa = PBXBuildFile; fileRef = CE65E6382280241400B4955F /* CustomeSection.xib */; };
		CE65E64F2280241400B4955F /* CustomeCell.swift in Sources */ = {isa = PBXBuildFile; fileRef = CE65E6392280241400B4955F /* CustomeCell.swift */; };
		CE65E6512280241400B4955F /* TextFieldTableViewCell.xib in Resources */ = {isa = PBXBuildFile; fileRef = CE65E63A2280241400B4955F /* TextFieldTableViewCell.xib */; };
		CE65E6532280241400B4955F /* TextFieldTableViewCell.swift in Sources */ = {isa = PBXBuildFile; fileRef = CE65E63B2280241400B4955F /* TextFieldTableViewCell.swift */; };
		CE65E6552280241400B4955F /* CustomeSection.swift in Sources */ = {isa = PBXBuildFile; fileRef = CE65E63C2280241400B4955F /* CustomeSection.swift */; };
		CE65E6582280242700B4955F /* Main.storyboard in Resources */ = {isa = PBXBuildFile; fileRef = CE65E6572280242700B4955F /* Main.storyboard */; };
/* End PBXBuildFile section */

/* Begin PBXFileReference section */
		0CBA3C7CEFB20893066D4656 /* Pods-POPDataSource_Example.debug.xcconfig */ = {isa = PBXFileReference; includeInIndex = 1; lastKnownFileType = text.xcconfig; name = "Pods-POPDataSource_Example.debug.xcconfig"; path = "Target Support Files/Pods-POPDataSource_Example/Pods-POPDataSource_Example.debug.xcconfig"; sourceTree = "<group>"; };
		0DACEBD7ABB1D36D2D2509BC /* LICENSE */ = {isa = PBXFileReference; includeInIndex = 1; lastKnownFileType = text; name = LICENSE; path = ../LICENSE; sourceTree = "<group>"; };
		0FF61131B3FF1CAECDD38629 /* Pods-POPDataSource_Tests.release.xcconfig */ = {isa = PBXFileReference; includeInIndex = 1; lastKnownFileType = text.xcconfig; name = "Pods-POPDataSource_Tests.release.xcconfig"; path = "Target Support Files/Pods-POPDataSource_Tests/Pods-POPDataSource_Tests.release.xcconfig"; sourceTree = "<group>"; };
		51FD4BB3D7D5A2CE1D84E791 /* Pods_POPDataSource_Tests.framework */ = {isa = PBXFileReference; explicitFileType = wrapper.framework; includeInIndex = 0; path = Pods_POPDataSource_Tests.framework; sourceTree = BUILT_PRODUCTS_DIR; };
		607FACD01AFB9204008FA782 /* POPDataSource_Example.app */ = {isa = PBXFileReference; explicitFileType = wrapper.application; includeInIndex = 0; path = POPDataSource_Example.app; sourceTree = BUILT_PRODUCTS_DIR; };
		607FACD41AFB9204008FA782 /* Info.plist */ = {isa = PBXFileReference; lastKnownFileType = text.plist.xml; path = Info.plist; sourceTree = "<group>"; };
		607FACD51AFB9204008FA782 /* AppDelegate.swift */ = {isa = PBXFileReference; lastKnownFileType = sourcecode.swift; path = AppDelegate.swift; sourceTree = "<group>"; };
		607FACD71AFB9204008FA782 /* ViewController.swift */ = {isa = PBXFileReference; lastKnownFileType = sourcecode.swift; path = ViewController.swift; sourceTree = "<group>"; };
		607FACDC1AFB9204008FA782 /* Images.xcassets */ = {isa = PBXFileReference; lastKnownFileType = folder.assetcatalog; path = Images.xcassets; sourceTree = "<group>"; };
		607FACDF1AFB9204008FA782 /* Base */ = {isa = PBXFileReference; lastKnownFileType = file.xib; name = Base; path = Base.lproj/LaunchScreen.xib; sourceTree = "<group>"; };
		607FACEA1AFB9204008FA782 /* Info.plist */ = {isa = PBXFileReference; lastKnownFileType = text.plist.xml; path = Info.plist; sourceTree = "<group>"; };
		607FACEB1AFB9204008FA782 /* Tests.swift */ = {isa = PBXFileReference; lastKnownFileType = sourcecode.swift; path = Tests.swift; sourceTree = "<group>"; };
		83CA8AD065F47C9D823B8F70 /* Pods_POPDataSource_Example.framework */ = {isa = PBXFileReference; explicitFileType = wrapper.framework; includeInIndex = 0; path = Pods_POPDataSource_Example.framework; sourceTree = BUILT_PRODUCTS_DIR; };
		8809663C456A168C2AB58DE0 /* Pods-POPDataSource_Tests.debug.xcconfig */ = {isa = PBXFileReference; includeInIndex = 1; lastKnownFileType = text.xcconfig; name = "Pods-POPDataSource_Tests.debug.xcconfig"; path = "Target Support Files/Pods-POPDataSource_Tests/Pods-POPDataSource_Tests.debug.xcconfig"; sourceTree = "<group>"; };
		9E1A88227A505796D08565AD /* Pods-POPDataSource_Example.release.xcconfig */ = {isa = PBXFileReference; includeInIndex = 1; lastKnownFileType = text.xcconfig; name = "Pods-POPDataSource_Example.release.xcconfig"; path = "Target Support Files/Pods-POPDataSource_Example/Pods-POPDataSource_Example.release.xcconfig"; sourceTree = "<group>"; };
		CE61E7C123E2F19D00D5AD6C /* TableViewCell.swift */ = {isa = PBXFileReference; lastKnownFileType = sourcecode.swift; path = TableViewCell.swift; sourceTree = "<group>"; };
		CE61E7C223E2F19D00D5AD6C /* TableViewCell.xib */ = {isa = PBXFileReference; lastKnownFileType = file.xib; path = TableViewCell.xib; sourceTree = "<group>"; };
		CE61E7C523E2F64F00D5AD6C /* CustomeCell.xib */ = {isa = PBXFileReference; lastKnownFileType = file.xib; path = CustomeCell.xib; sourceTree = "<group>"; };
		CE65E62E2280241400B4955F /* DataSources.swift */ = {isa = PBXFileReference; fileEncoding = 4; lastKnownFileType = sourcecode.swift; path = DataSources.swift; sourceTree = "<group>"; };
		CE65E62F2280241400B4955F /* Albums.json */ = {isa = PBXFileReference; fileEncoding = 4; lastKnownFileType = text.json; path = Albums.json; sourceTree = "<group>"; };
		CE65E6302280241400B4955F /* TextFieldDataSource.swift */ = {isa = PBXFileReference; fileEncoding = 4; lastKnownFileType = sourcecode.swift; path = TextFieldDataSource.swift; sourceTree = "<group>"; };
		CE65E6312280241400B4955F /* Models.swift */ = {isa = PBXFileReference; fileEncoding = 4; lastKnownFileType = sourcecode.swift; path = Models.swift; sourceTree = "<group>"; };
		CE65E6332280241400B4955F /* SegmentTableViewController.swift */ = {isa = PBXFileReference; fileEncoding = 4; lastKnownFileType = sourcecode.swift; path = SegmentTableViewController.swift; sourceTree = "<group>"; };
		CE65E6342280241400B4955F /* TableViewController.swift */ = {isa = PBXFileReference; fileEncoding = 4; lastKnownFileType = sourcecode.swift; path = TableViewController.swift; sourceTree = "<group>"; };
		CE65E6352280241400B4955F /* TextFieldViewController.swift */ = {isa = PBXFileReference; fileEncoding = 4; lastKnownFileType = sourcecode.swift; path = TextFieldViewController.swift; sourceTree = "<group>"; };
		CE65E6362280241400B4955F /* MenuViewController.swift */ = {isa = PBXFileReference; fileEncoding = 4; lastKnownFileType = sourcecode.swift; path = MenuViewController.swift; sourceTree = "<group>"; };
		CE65E6382280241400B4955F /* CustomeSection.xib */ = {isa = PBXFileReference; fileEncoding = 4; lastKnownFileType = file.xib; path = CustomeSection.xib; sourceTree = "<group>"; };
		CE65E6392280241400B4955F /* CustomeCell.swift */ = {isa = PBXFileReference; fileEncoding = 4; lastKnownFileType = sourcecode.swift; path = CustomeCell.swift; sourceTree = "<group>"; };
		CE65E63A2280241400B4955F /* TextFieldTableViewCell.xib */ = {isa = PBXFileReference; fileEncoding = 4; lastKnownFileType = file.xib; path = TextFieldTableViewCell.xib; sourceTree = "<group>"; };
		CE65E63B2280241400B4955F /* TextFieldTableViewCell.swift */ = {isa = PBXFileReference; fileEncoding = 4; lastKnownFileType = sourcecode.swift; path = TextFieldTableViewCell.swift; sourceTree = "<group>"; };
		CE65E63C2280241400B4955F /* CustomeSection.swift */ = {isa = PBXFileReference; fileEncoding = 4; lastKnownFileType = sourcecode.swift; path = CustomeSection.swift; sourceTree = "<group>"; };
		CE65E6572280242700B4955F /* Main.storyboard */ = {isa = PBXFileReference; fileEncoding = 4; lastKnownFileType = file.storyboard; path = Main.storyboard; sourceTree = "<group>"; };
		D991C65B10A810E7AF46C56B /* README.md */ = {isa = PBXFileReference; includeInIndex = 1; lastKnownFileType = net.daringfireball.markdown; name = README.md; path = ../README.md; sourceTree = "<group>"; };
		E2F7197F19DEE19FE0C63B2D /* POPDataSource.podspec */ = {isa = PBXFileReference; includeInIndex = 1; lastKnownFileType = text; name = POPDataSource.podspec; path = ../POPDataSource.podspec; sourceTree = "<group>"; xcLanguageSpecificationIdentifier = xcode.lang.ruby; };
/* End PBXFileReference section */

/* Begin PBXFrameworksBuildPhase section */
		607FACCD1AFB9204008FA782 /* Frameworks */ = {
			isa = PBXFrameworksBuildPhase;
			buildActionMask = 2147483647;
			files = (
				3E5D904734FFE720FC672D6A /* Pods_POPDataSource_Example.framework in Frameworks */,
			);
			runOnlyForDeploymentPostprocessing = 0;
		};
/* End PBXFrameworksBuildPhase section */

/* Begin PBXGroup section */
		607FACC71AFB9204008FA782 = {
			isa = PBXGroup;
			children = (
				607FACF51AFB993E008FA782 /* Podspec Metadata */,
				607FACD21AFB9204008FA782 /* Example for POPDataSource */,
				607FACE81AFB9204008FA782 /* Tests */,
				607FACD11AFB9204008FA782 /* Products */,
				770F9D4B67B667DD22F81426 /* Pods */,
				A0FE41C0F188B33FDA5777B9 /* Frameworks */,
			);
			sourceTree = "<group>";
		};
		607FACD11AFB9204008FA782 /* Products */ = {
			isa = PBXGroup;
			children = (
				607FACD01AFB9204008FA782 /* POPDataSource_Example.app */,
			);
			name = Products;
			sourceTree = "<group>";
		};
		607FACD21AFB9204008FA782 /* Example for POPDataSource */ = {
			isa = PBXGroup;
			children = (
				CE65E62C2280241400B4955F /* Example */,
				607FACD51AFB9204008FA782 /* AppDelegate.swift */,
				607FACD71AFB9204008FA782 /* ViewController.swift */,
				CE65E6572280242700B4955F /* Main.storyboard */,
				607FACDC1AFB9204008FA782 /* Images.xcassets */,
				607FACDE1AFB9204008FA782 /* LaunchScreen.xib */,
				607FACD31AFB9204008FA782 /* Supporting Files */,
			);
			name = "Example for POPDataSource";
			path = POPDataSource;
			sourceTree = "<group>";
		};
		607FACD31AFB9204008FA782 /* Supporting Files */ = {
			isa = PBXGroup;
			children = (
				607FACD41AFB9204008FA782 /* Info.plist */,
			);
			name = "Supporting Files";
			sourceTree = "<group>";
		};
		607FACE81AFB9204008FA782 /* Tests */ = {
			isa = PBXGroup;
			children = (
				607FACEB1AFB9204008FA782 /* Tests.swift */,
				607FACE91AFB9204008FA782 /* Supporting Files */,
			);
			path = Tests;
			sourceTree = "<group>";
		};
		607FACE91AFB9204008FA782 /* Supporting Files */ = {
			isa = PBXGroup;
			children = (
				607FACEA1AFB9204008FA782 /* Info.plist */,
			);
			name = "Supporting Files";
			sourceTree = "<group>";
		};
		607FACF51AFB993E008FA782 /* Podspec Metadata */ = {
			isa = PBXGroup;
			children = (
				E2F7197F19DEE19FE0C63B2D /* POPDataSource.podspec */,
				D991C65B10A810E7AF46C56B /* README.md */,
				0DACEBD7ABB1D36D2D2509BC /* LICENSE */,
			);
			name = "Podspec Metadata";
			sourceTree = "<group>";
		};
		770F9D4B67B667DD22F81426 /* Pods */ = {
			isa = PBXGroup;
			children = (
				0CBA3C7CEFB20893066D4656 /* Pods-POPDataSource_Example.debug.xcconfig */,
				9E1A88227A505796D08565AD /* Pods-POPDataSource_Example.release.xcconfig */,
				8809663C456A168C2AB58DE0 /* Pods-POPDataSource_Tests.debug.xcconfig */,
				0FF61131B3FF1CAECDD38629 /* Pods-POPDataSource_Tests.release.xcconfig */,
			);
			path = Pods;
			sourceTree = "<group>";
		};
		A0FE41C0F188B33FDA5777B9 /* Frameworks */ = {
			isa = PBXGroup;
			children = (
				83CA8AD065F47C9D823B8F70 /* Pods_POPDataSource_Example.framework */,
				51FD4BB3D7D5A2CE1D84E791 /* Pods_POPDataSource_Tests.framework */,
			);
			name = Frameworks;
			sourceTree = "<group>";
		};
		CE65E62C2280241400B4955F /* Example */ = {
			isa = PBXGroup;
			children = (
				CE65E62D2280241400B4955F /* Models */,
				CE65E6322280241400B4955F /* ViewControllers */,
				CE65E6372280241400B4955F /* Views */,
			);
			path = Example;
			sourceTree = "<group>";
		};
		CE65E62D2280241400B4955F /* Models */ = {
			isa = PBXGroup;
			children = (
				CE65E62E2280241400B4955F /* DataSources.swift */,
				CE65E62F2280241400B4955F /* Albums.json */,
				CE65E6302280241400B4955F /* TextFieldDataSource.swift */,
				CE65E6312280241400B4955F /* Models.swift */,
			);
			path = Models;
			sourceTree = "<group>";
		};
		CE65E6322280241400B4955F /* ViewControllers */ = {
			isa = PBXGroup;
			children = (
				CE65E6332280241400B4955F /* SegmentTableViewController.swift */,
				CE65E6342280241400B4955F /* TableViewController.swift */,
				CE65E6352280241400B4955F /* TextFieldViewController.swift */,
				CE65E6362280241400B4955F /* MenuViewController.swift */,
			);
			path = ViewControllers;
			sourceTree = "<group>";
		};
		CE65E6372280241400B4955F /* Views */ = {
			isa = PBXGroup;
			children = (
				CE61E7C123E2F19D00D5AD6C /* TableViewCell.swift */,
				CE61E7C223E2F19D00D5AD6C /* TableViewCell.xib */,
				CE65E6392280241400B4955F /* CustomeCell.swift */,
				CE61E7C523E2F64F00D5AD6C /* CustomeCell.xib */,
				CE65E63A2280241400B4955F /* TextFieldTableViewCell.xib */,
				CE65E63B2280241400B4955F /* TextFieldTableViewCell.swift */,
				CE65E63C2280241400B4955F /* CustomeSection.swift */,
				CE65E6382280241400B4955F /* CustomeSection.xib */,
			);
			path = Views;
			sourceTree = "<group>";
		};
/* End PBXGroup section */

/* Begin PBXNativeTarget section */
		607FACCF1AFB9204008FA782 /* POPDataSource_Example */ = {
			isa = PBXNativeTarget;
			buildConfigurationList = 607FACEF1AFB9204008FA782 /* Build configuration list for PBXNativeTarget "POPDataSource_Example" */;
			buildPhases = (
				A1E86D7AD9C512B00A885383 /* [CP] Check Pods Manifest.lock */,
				607FACCC1AFB9204008FA782 /* Sources */,
				607FACCD1AFB9204008FA782 /* Frameworks */,
				607FACCE1AFB9204008FA782 /* Resources */,
				C82FB9F776492F7A28973FD1 /* [CP] Embed Pods Frameworks */,
			);
			buildRules = (
			);
			dependencies = (
			);
			name = POPDataSource_Example;
			productName = POPDataSource;
			productReference = 607FACD01AFB9204008FA782 /* POPDataSource_Example.app */;
			productType = "com.apple.product-type.application";
		};
/* End PBXNativeTarget section */

/* Begin PBXProject section */
		607FACC81AFB9204008FA782 /* Project object */ = {
			isa = PBXProject;
			attributes = {
				LastSwiftUpdateCheck = 0830;
				LastUpgradeCheck = 1020;
				ORGANIZATIONNAME = CocoaPods;
				TargetAttributes = {
					607FACCF1AFB9204008FA782 = {
						CreatedOnToolsVersion = 6.3.1;
						LastSwiftMigration = 1020;
					};
				};
			};
			buildConfigurationList = 607FACCB1AFB9204008FA782 /* Build configuration list for PBXProject "POPDataSource" */;
			compatibilityVersion = "Xcode 3.2";
			developmentRegion = en;
			hasScannedForEncodings = 0;
			knownRegions = (
				en,
				Base,
			);
			mainGroup = 607FACC71AFB9204008FA782;
			productRefGroup = 607FACD11AFB9204008FA782 /* Products */;
			projectDirPath = "";
			projectRoot = "";
			targets = (
				607FACCF1AFB9204008FA782 /* POPDataSource_Example */,
			);
		};
/* End PBXProject section */

/* Begin PBXResourcesBuildPhase section */
		607FACCE1AFB9204008FA782 /* Resources */ = {
			isa = PBXResourcesBuildPhase;
			buildActionMask = 2147483647;
			files = (
				CE61E7C623E2F64F00D5AD6C /* CustomeCell.xib in Resources */,
				CE65E6512280241400B4955F /* TextFieldTableViewCell.xib in Resources */,
				CE65E64D2280241400B4955F /* CustomeSection.xib in Resources */,
				CE61E7C423E2F19D00D5AD6C /* TableViewCell.xib in Resources */,
				607FACE01AFB9204008FA782 /* LaunchScreen.xib in Resources */,
				CE65E6582280242700B4955F /* Main.storyboard in Resources */,
				607FACDD1AFB9204008FA782 /* Images.xcassets in Resources */,
				CE65E63F2280241400B4955F /* Albums.json in Resources */,
			);
			runOnlyForDeploymentPostprocessing = 0;
		};
/* End PBXResourcesBuildPhase section */

/* Begin PBXShellScriptBuildPhase section */
		A1E86D7AD9C512B00A885383 /* [CP] Check Pods Manifest.lock */ = {
			isa = PBXShellScriptBuildPhase;
			buildActionMask = 2147483647;
			files = (
			);
			inputFileListPaths = (
			);
			inputPaths = (
				"${PODS_PODFILE_DIR_PATH}/Podfile.lock",
				"${PODS_ROOT}/Manifest.lock",
			);
			name = "[CP] Check Pods Manifest.lock";
			outputFileListPaths = (
			);
			outputPaths = (
				"$(DERIVED_FILE_DIR)/Pods-POPDataSource_Example-checkManifestLockResult.txt",
			);
			runOnlyForDeploymentPostprocessing = 0;
			shellPath = /bin/sh;
			shellScript = "diff \"${PODS_PODFILE_DIR_PATH}/Podfile.lock\" \"${PODS_ROOT}/Manifest.lock\" > /dev/null\nif [ $? != 0 ] ; then\n    # print error to STDERR\n    echo \"error: The sandbox is not in sync with the Podfile.lock. Run 'pod install' or update your CocoaPods installation.\" >&2\n    exit 1\nfi\n# This output is used by Xcode 'outputs' to avoid re-running this script phase.\necho \"SUCCESS\" > \"${SCRIPT_OUTPUT_FILE_0}\"\n";
			showEnvVarsInLog = 0;
		};
		C82FB9F776492F7A28973FD1 /* [CP] Embed Pods Frameworks */ = {
			isa = PBXShellScriptBuildPhase;
			buildActionMask = 2147483647;
			files = (
			);
			inputPaths = (
				"${PODS_ROOT}/Target Support Files/Pods-POPDataSource_Example/Pods-POPDataSource_Example-frameworks.sh",
				"${BUILT_PRODUCTS_DIR}/POPDataSource/POPDataSource.framework",
			);
			name = "[CP] Embed Pods Frameworks";
			outputPaths = (
				"${TARGET_BUILD_DIR}/${FRAMEWORKS_FOLDER_PATH}/POPDataSource.framework",
			);
			runOnlyForDeploymentPostprocessing = 0;
			shellPath = /bin/sh;
			shellScript = "\"${PODS_ROOT}/Target Support Files/Pods-POPDataSource_Example/Pods-POPDataSource_Example-frameworks.sh\"\n";
			showEnvVarsInLog = 0;
		};
/* End PBXShellScriptBuildPhase section */

/* Begin PBXSourcesBuildPhase section */
		607FACCC1AFB9204008FA782 /* Sources */ = {
			isa = PBXSourcesBuildPhase;
			buildActionMask = 2147483647;
			files = (
				CE61E7C323E2F19D00D5AD6C /* TableViewCell.swift in Sources */,
				CE65E6492280241400B4955F /* TextFieldViewController.swift in Sources */,
				CE65E6412280241400B4955F /* TextFieldDataSource.swift in Sources */,
				CE65E6472280241400B4955F /* TableViewController.swift in Sources */,
				607FACD81AFB9204008FA782 /* ViewController.swift in Sources */,
				CE65E6552280241400B4955F /* CustomeSection.swift in Sources */,
				CE65E64B2280241400B4955F /* MenuViewController.swift in Sources */,
				CE65E6532280241400B4955F /* TextFieldTableViewCell.swift in Sources */,
				CE65E63D2280241400B4955F /* DataSources.swift in Sources */,
				CE65E64F2280241400B4955F /* CustomeCell.swift in Sources */,
				607FACD61AFB9204008FA782 /* AppDelegate.swift in Sources */,
				CE65E6452280241400B4955F /* SegmentTableViewController.swift in Sources */,
				CE65E6432280241400B4955F /* Models.swift in Sources */,
			);
			runOnlyForDeploymentPostprocessing = 0;
		};
/* End PBXSourcesBuildPhase section */

/* Begin PBXVariantGroup section */
		607FACDE1AFB9204008FA782 /* LaunchScreen.xib */ = {
			isa = PBXVariantGroup;
			children = (
				607FACDF1AFB9204008FA782 /* Base */,
			);
			name = LaunchScreen.xib;
			sourceTree = "<group>";
		};
/* End PBXVariantGroup section */

/* Begin XCBuildConfiguration section */
		607FACED1AFB9204008FA782 /* Debug */ = {
			isa = XCBuildConfiguration;
			buildSettings = {
				ALWAYS_SEARCH_USER_PATHS = NO;
				CLANG_ANALYZER_LOCALIZABILITY_NONLOCALIZED = YES;
				CLANG_CXX_LANGUAGE_STANDARD = "gnu++0x";
				CLANG_CXX_LIBRARY = "libc++";
				CLANG_ENABLE_MODULES = YES;
				CLANG_ENABLE_OBJC_ARC = YES;
				CLANG_WARN_BLOCK_CAPTURE_AUTORELEASING = YES;
				CLANG_WARN_BOOL_CONVERSION = YES;
				CLANG_WARN_COMMA = YES;
				CLANG_WARN_CONSTANT_CONVERSION = YES;
				CLANG_WARN_DEPRECATED_OBJC_IMPLEMENTATIONS = YES;
				CLANG_WARN_DIRECT_OBJC_ISA_USAGE = YES_ERROR;
				CLANG_WARN_EMPTY_BODY = YES;
				CLANG_WARN_ENUM_CONVERSION = YES;
				CLANG_WARN_INFINITE_RECURSION = YES;
				CLANG_WARN_INT_CONVERSION = YES;
				CLANG_WARN_NON_LITERAL_NULL_CONVERSION = YES;
				CLANG_WARN_OBJC_IMPLICIT_RETAIN_SELF = YES;
				CLANG_WARN_OBJC_LITERAL_CONVERSION = YES;
				CLANG_WARN_OBJC_ROOT_CLASS = YES_ERROR;
				CLANG_WARN_RANGE_LOOP_ANALYSIS = YES;
				CLANG_WARN_STRICT_PROTOTYPES = YES;
				CLANG_WARN_SUSPICIOUS_MOVE = YES;
				CLANG_WARN_UNREACHABLE_CODE = YES;
				CLANG_WARN__DUPLICATE_METHOD_MATCH = YES;
				"CODE_SIGN_IDENTITY[sdk=iphoneos*]" = "iPhone Developer";
				COPY_PHASE_STRIP = NO;
				DEBUG_INFORMATION_FORMAT = "dwarf-with-dsym";
				ENABLE_STRICT_OBJC_MSGSEND = YES;
				ENABLE_TESTABILITY = YES;
				GCC_C_LANGUAGE_STANDARD = gnu99;
				GCC_DYNAMIC_NO_PIC = NO;
				GCC_NO_COMMON_BLOCKS = YES;
				GCC_OPTIMIZATION_LEVEL = 0;
				GCC_PREPROCESSOR_DEFINITIONS = (
					"DEBUG=1",
					"$(inherited)",
				);
				GCC_SYMBOLS_PRIVATE_EXTERN = NO;
				GCC_WARN_64_TO_32_BIT_CONVERSION = YES;
				GCC_WARN_ABOUT_RETURN_TYPE = YES_ERROR;
				GCC_WARN_UNDECLARED_SELECTOR = YES;
				GCC_WARN_UNINITIALIZED_AUTOS = YES_AGGRESSIVE;
				GCC_WARN_UNUSED_FUNCTION = YES;
				GCC_WARN_UNUSED_VARIABLE = YES;
				IPHONEOS_DEPLOYMENT_TARGET = 11.0;
				MTL_ENABLE_DEBUG_INFO = YES;
				ONLY_ACTIVE_ARCH = YES;
				SDKROOT = iphoneos;
				SWIFT_OPTIMIZATION_LEVEL = "-Onone";
			};
			name = Debug;
		};
		607FACEE1AFB9204008FA782 /* Release */ = {
			isa = XCBuildConfiguration;
			buildSettings = {
				ALWAYS_SEARCH_USER_PATHS = NO;
				CLANG_ANALYZER_LOCALIZABILITY_NONLOCALIZED = YES;
				CLANG_CXX_LANGUAGE_STANDARD = "gnu++0x";
				CLANG_CXX_LIBRARY = "libc++";
				CLANG_ENABLE_MODULES = YES;
				CLANG_ENABLE_OBJC_ARC = YES;
				CLANG_WARN_BLOCK_CAPTURE_AUTORELEASING = YES;
				CLANG_WARN_BOOL_CONVERSION = YES;
				CLANG_WARN_COMMA = YES;
				CLANG_WARN_CONSTANT_CONVERSION = YES;
				CLANG_WARN_DEPRECATED_OBJC_IMPLEMENTATIONS = YES;
				CLANG_WARN_DIRECT_OBJC_ISA_USAGE = YES_ERROR;
				CLANG_WARN_EMPTY_BODY = YES;
				CLANG_WARN_ENUM_CONVERSION = YES;
				CLANG_WARN_INFINITE_RECURSION = YES;
				CLANG_WARN_INT_CONVERSION = YES;
				CLANG_WARN_NON_LITERAL_NULL_CONVERSION = YES;
				CLANG_WARN_OBJC_IMPLICIT_RETAIN_SELF = YES;
				CLANG_WARN_OBJC_LITERAL_CONVERSION = YES;
				CLANG_WARN_OBJC_ROOT_CLASS = YES_ERROR;
				CLANG_WARN_RANGE_LOOP_ANALYSIS = YES;
				CLANG_WARN_STRICT_PROTOTYPES = YES;
				CLANG_WARN_SUSPICIOUS_MOVE = YES;
				CLANG_WARN_UNREACHABLE_CODE = YES;
				CLANG_WARN__DUPLICATE_METHOD_MATCH = YES;
				"CODE_SIGN_IDENTITY[sdk=iphoneos*]" = "iPhone Developer";
				COPY_PHASE_STRIP = NO;
				DEBUG_INFORMATION_FORMAT = "dwarf-with-dsym";
				ENABLE_NS_ASSERTIONS = NO;
				ENABLE_STRICT_OBJC_MSGSEND = YES;
				GCC_C_LANGUAGE_STANDARD = gnu99;
				GCC_NO_COMMON_BLOCKS = YES;
				GCC_WARN_64_TO_32_BIT_CONVERSION = YES;
				GCC_WARN_ABOUT_RETURN_TYPE = YES_ERROR;
				GCC_WARN_UNDECLARED_SELECTOR = YES;
				GCC_WARN_UNINITIALIZED_AUTOS = YES_AGGRESSIVE;
				GCC_WARN_UNUSED_FUNCTION = YES;
				GCC_WARN_UNUSED_VARIABLE = YES;
				IPHONEOS_DEPLOYMENT_TARGET = 11.0;
				MTL_ENABLE_DEBUG_INFO = NO;
				SDKROOT = iphoneos;
				SWIFT_OPTIMIZATION_LEVEL = "-Owholemodule";
				VALIDATE_PRODUCT = YES;
			};
			name = Release;
		};
		607FACF01AFB9204008FA782 /* Debug */ = {
			isa = XCBuildConfiguration;
			baseConfigurationReference = 0CBA3C7CEFB20893066D4656 /* Pods-POPDataSource_Example.debug.xcconfig */;
			buildSettings = {
				ASSETCATALOG_COMPILER_APPICON_NAME = AppIcon;
				INFOPLIST_FILE = POPDataSource/Info.plist;
				LD_RUNPATH_SEARCH_PATHS = "$(inherited) @executable_path/Frameworks";
				MODULE_NAME = ExampleApp;
				PRODUCT_BUNDLE_IDENTIFIER = "org.cocoapods.demo.$(PRODUCT_NAME:rfc1034identifier)";
				PRODUCT_NAME = "$(TARGET_NAME)";
				SWIFT_SWIFT3_OBJC_INFERENCE = Default;
				SWIFT_VERSION = 5.0;
			};
			name = Debug;
		};
		607FACF11AFB9204008FA782 /* Release */ = {
			isa = XCBuildConfiguration;
			baseConfigurationReference = 9E1A88227A505796D08565AD /* Pods-POPDataSource_Example.release.xcconfig */;
			buildSettings = {
				ASSETCATALOG_COMPILER_APPICON_NAME = AppIcon;
				INFOPLIST_FILE = POPDataSource/Info.plist;
				LD_RUNPATH_SEARCH_PATHS = "$(inherited) @executable_path/Frameworks";
				MODULE_NAME = ExampleApp;
				PRODUCT_BUNDLE_IDENTIFIER = "org.cocoapods.demo.$(PRODUCT_NAME:rfc1034identifier)";
				PRODUCT_NAME = "$(TARGET_NAME)";
				SWIFT_SWIFT3_OBJC_INFERENCE = Default;
				SWIFT_VERSION = 5.0;
			};
			name = Release;
		};
/* End XCBuildConfiguration section */

/* Begin XCConfigurationList section */
		607FACCB1AFB9204008FA782 /* Build configuration list for PBXProject "POPDataSource" */ = {
			isa = XCConfigurationList;
			buildConfigurations = (
				607FACED1AFB9204008FA782 /* Debug */,
				607FACEE1AFB9204008FA782 /* Release */,
			);
			defaultConfigurationIsVisible = 0;
			defaultConfigurationName = Release;
		};
		607FACEF1AFB9204008FA782 /* Build configuration list for PBXNativeTarget "POPDataSource_Example" */ = {
			isa = XCConfigurationList;
			buildConfigurations = (
				607FACF01AFB9204008FA782 /* Debug */,
				607FACF11AFB9204008FA782 /* Release */,
			);
			defaultConfigurationIsVisible = 0;
			defaultConfigurationName = Release;
		};
/* End XCConfigurationList section */
	};
	rootObject = 607FACC81AFB9204008FA782 /* Project object */;
}
